
Microsoft Visual Studio Solution File, Format Version 12.00
# Visual Studio 15
VisualStudioVersion = 15.0.28307.572
MinimumVisualStudioVersion = 10.0.40219.1
Project("{888888A0-9F3D-457C-B088-3A5042F75D52}") = "Alphabet_Recognition", "Alphabet_Recognition.pyproj", "{BDB80A99-3AAC-4F78-B256-7D86DDB250E8}"
EndProject
Global
	GlobalSection(SolutionConfigurationPlatforms) = preSolution
		Debug|Any CPU = Debug|Any CPU
		Release|Any CPU = Release|Any CPU
	EndGlobalSection
	GlobalSection(ProjectConfigurationPlatforms) = postSolution
		{BDB80A99-3AAC-4F78-B256-7D86DDB250E8}.Debug|Any CPU.ActiveCfg = Debug|Any CPU
		{BDB80A99-3AAC-4F78-B256-7D86DDB250E8}.Release|Any CPU.ActiveCfg = Release|Any CPU
	EndGlobalSection
	GlobalSection(SolutionProperties) = preSolution
		HideSolutionNode = FALSE
	EndGlobalSection
	GlobalSection(ExtensibilityGlobals) = postSolution
		SolutionGuid = {514A7AB6-9523-49EB-9451-826E57392FEB}
	EndGlobalSection
EndGlobal
